github.com/madelynnblue/go-dsp v1.0.0 h1:ufzvSGl8IdjCA6BFVUx1cZW/aDiiXxDBWU1MpkrtAiM=
github.com/madelynnblue/go-dsp v1.0.0/go.mod h1:dpf07Rj/u3te6cW3KwRBAqlyjP4InXHhNaYVuY73hHU=
github.com/scigolib/hdf5 v0.14.1 h1:XXJqRaOIdlGwPULDnImOKS6qMbiaTb40yJ8sNm1wl4M=
github.com/scigolib/hdf5 v0.14.1/go.mod h1:+eW0vAywLXW08Hm9BOs1WKQSdt6TNo7reO54oNUjiVA=
github.com/stretchr/testify v1.12.1 h1:EuwCh5fleGS7H32xRwO3wRGT7DxrDhLAT6FF8MpWDWE=
github.com/stretchr/testify v1.12.1/go.mod h1:MDEgiDPPsNp5cuIrHPPCyornHKgEVbtFUmoNlxoYthg=
go.yaml.in/yaml/v3 v3.0.5 h1:N6y/pJk8buWs9NY5ERU2HSMfm+IuD/OtfdAnq6kESPw=
go.yaml.in/yaml/v3 v3.0.5/go.mod h1:HVTZu1O7/Vkt2N+BFy8Zza+lnLsABggaTM2ZpNIGuKg=
golang.org/x/image v0.46.0 h1:b1+oYj0Jbp6K5MDT4i4/eZpYlk3V8SJhhDKh6LBHAyQ=
golang.org/x/image v0.46.0/go.mod h1:3B3W05VGVQyuXucLINLjXKrqISASfi4Xj+iCVkLMwew=
